{
  "object": {
    "pins": [
      {
        "package": "XCDYouTubeKit",
        "repositoryURL": "https://github.com/0xced/XCDYouTubeKit",
        "state": {
          "branch": null,
          "revision": "50592e3575f29329128fe59a276239491b75ae35",
          "version": "2.12.0"
        }
      }
    ]
  },
  "version": 1
}
