{
  "object": {
    "pins": [
      {
        "package": "XCDYouTubeKit",
        "repositoryURL": "https://github.com/0xced/XCDYouTubeKit",
        "state": {
          "branch": null,
          "revision": "d6f4b0e2baaf2f15e0d1ad3df798a864f5ae8177",
          "version": "2.13.0"
        }
      }
    ]
  },
  "version": 1
}
