{
  "object": {
    "pins": [
      {
        "package": "Alamofire",
        "repositoryURL": "https://github.com/Alamofire/Alamofire.git",
        "state": {
          "branch": null,
          "revision": "097e1f03166d49b31f824507fb85ad843b14fc13",
          "version": "5.3.0"
        }
      },
      {
        "package": "MarqueeLabel",
        "repositoryURL": "https://github.com/cbpowell/MarqueeLabel",
        "state": {
          "branch": null,
          "revision": "d92fe1583dbf43fa3b70229a49fa7da6b36750d4",
          "version": "4.0.5"
        }
      },
      {
        "package": "XCDYouTubeKit",
        "repositoryURL": "https://github.com/0xced/XCDYouTubeKit",
        "state": {
          "branch": null,
          "revision": "b35528de27f7452a9cb6ced213e0592fee89b663",
          "version": "2.15.0"
        }
      }
    ]
  },
  "version": 1
}
